
Microsoft Visual Studio Solution File, Format Version 12.00
# Visual Studio Version 16
VisualStudioVersion = 16.0.32228.343
MinimumVisualStudioVersion = 10.0.40219.1
Project("{FAE04EC0-301F-11D3-BF4B-00C04F79EFBC}") = "DiskInventory", "DiskInventory\DiskInventory.csproj", "{39FB396A-6C7C-4E51-B65D-BA6006529D85}"
EndProject
Global
	GlobalSection(SolutionConfigurationPlatforms) = preSolution
		Debug|Any CPU = Debug|Any CPU
		Release|Any CPU = Release|Any CPU
	EndGlobalSection
	GlobalSection(ProjectConfigurationPlatforms) = postSolution
		{39FB396A-6C7C-4E51-B65D-BA6006529D85}.Debug|Any CPU.ActiveCfg = Debug|Any CPU
		{39FB396A-6C7C-4E51-B65D-BA6006529D85}.Debug|Any CPU.Build.0 = Debug|Any CPU
		{39FB396A-6C7C-4E51-B65D-BA6006529D85}.Release|Any CPU.ActiveCfg = Release|Any CPU
		{39FB396A-6C7C-4E51-B65D-BA6006529D85}.Release|Any CPU.Build.0 = Release|Any CPU
	EndGlobalSection
	GlobalSection(SolutionProperties) = preSolution
		HideSolutionNode = FALSE
	EndGlobalSection
	GlobalSection(ExtensibilityGlobals) = postSolution
		SolutionGuid = {3AA37E5F-925D-4B58-9902-218C3918BC5F}
	EndGlobalSection
EndGlobal
